
Microsoft Visual Studio Solution File, Format Version 12.00
# Visual Studio Version 16
VisualStudioVersion = 16.0.29709.97
MinimumVisualStudioVersion = 10.0.40219.1
Project("{FAE04EC0-301F-11D3-BF4B-00C04F79EFBC}") = "excercise 4.13", "excercise 4.13\excercise 4.13.csproj", "{850281ED-B163-4013-A9B4-3D02000BCA43}"
EndProject
Global
	GlobalSection(SolutionConfigurationPlatforms) = preSolution
		Debug|Any CPU = Debug|Any CPU
		Release|Any CPU = Release|Any CPU
	EndGlobalSection
	GlobalSection(ProjectConfigurationPlatforms) = postSolution
		{850281ED-B163-4013-A9B4-3D02000BCA43}.Debug|Any CPU.ActiveCfg = Debug|Any CPU
		{850281ED-B163-4013-A9B4-3D02000BCA43}.Debug|Any CPU.Build.0 = Debug|Any CPU
		{850281ED-B163-4013-A9B4-3D02000BCA43}.Release|Any CPU.ActiveCfg = Release|Any CPU
		{850281ED-B163-4013-A9B4-3D02000BCA43}.Release|Any CPU.Build.0 = Release|Any CPU
	EndGlobalSection
	GlobalSection(SolutionProperties) = preSolution
		HideSolutionNode = FALSE
	EndGlobalSection
	GlobalSection(ExtensibilityGlobals) = postSolution
		SolutionGuid = {09B5D1FB-5599-4134-B55A-D02F9D1587D2}
	EndGlobalSection
EndGlobal
